
Microsoft Visual Studio Solution File, Format Version 12.00
# Visual Studio Version 18
VisualStudioVersion = 18.3.11520.95
MinimumVisualStudioVersion = 10.0.40219.1
Project("{9A19103F-16F7-4668-BE54-9A1E7A4F7556}") = "SKGLWpfControl", "SKGLWpfControl\SKGLWpfControl.csproj", "{4DF09329-70FD-47E4-95EC-029409C3B182}"
EndProject
Project("{9A19103F-16F7-4668-BE54-9A1E7A4F7556}") = "WpfDrawingOptions", "WpfDrawingOptions\WpfDrawingOptions.csproj", "{FA4E04EF-0831-4FC2-BC2C-0F7599E69944}"
EndProject
Project("{2150E333-8FDC-42A3-9474-1A3956D46DE8}") = "Solution Items", "Solution Items", "{B4E3D983-9B0A-4519-B8F3-1D9D9087C554}"
	ProjectSection(SolutionItems) = preProject
		Drawing Performance Comparisons.xlsx = Drawing Performance Comparisons.xlsx
	EndProjectSection
EndProject
Project("{FAE04EC0-301F-11D3-BF4B-00C04F79EFBC}") = "AvaloniaXpfDrawingOptions", "AvaloniaXpfDrawingOptions\AvaloniaXpfDrawingOptions.csproj", "{58804030-F8F0-1572-5F1E-61C89DF911A8}"
EndProject
Project("{FAE04EC0-301F-11D3-BF4B-00C04F79EFBC}") = "DrawingOptions.Shared", "DrawingOptions.Shared\DrawingOptions.Shared.csproj", "{C3C2D50F-F626-4333-859C-B6BD416678E2}"
EndProject
Project("{FAE04EC0-301F-11D3-BF4B-00C04F79EFBC}") = "AvaloniaDrawingOptions", "AvaloniaDrawingOptions\AvaloniaDrawingOptions.csproj", "{3DA69665-C350-4D6C-BFF2-476F9F0E0A75}"
EndProject
Global
	GlobalSection(SolutionConfigurationPlatforms) = preSolution
		Debug|Any CPU = Debug|Any CPU
		Debug|x64 = Debug|x64
		Debug|x86 = Debug|x86
		Release|Any CPU = Release|Any CPU
		Release|x64 = Release|x64
		Release|x86 = Release|x86
	EndGlobalSection
	GlobalSection(ProjectConfigurationPlatforms) = postSolution
		{4DF09329-70FD-47E4-95EC-029409C3B182}.Debug|Any CPU.ActiveCfg = Debug|Any CPU
		{4DF09329-70FD-47E4-95EC-029409C3B182}.Debug|Any CPU.Build.0 = Debug|Any CPU
		{4DF09329-70FD-47E4-95EC-029409C3B182}.Debug|x64.ActiveCfg = Debug|Any CPU
		{4DF09329-70FD-47E4-95EC-029409C3B182}.Debug|x64.Build.0 = Debug|Any CPU
		{4DF09329-70FD-47E4-95EC-029409C3B182}.Debug|x86.ActiveCfg = Debug|Any CPU
		{4DF09329-70FD-47E4-95EC-029409C3B182}.Debug|x86.Build.0 = Debug|Any CPU
		{4DF09329-70FD-47E4-95EC-029409C3B182}.Release|Any CPU.ActiveCfg = Release|Any CPU
		{4DF09329-70FD-47E4-95EC-029409C3B182}.Release|Any CPU.Build.0 = Release|Any CPU
		{4DF09329-70FD-47E4-95EC-029409C3B182}.Release|x64.ActiveCfg = Release|Any CPU
		{4DF09329-70FD-47E4-95EC-029409C3B182}.Release|x64.Build.0 = Release|Any CPU
		{4DF09329-70FD-47E4-95EC-029409C3B182}.Release|x86.ActiveCfg = Release|Any CPU
		{4DF09329-70FD-47E4-95EC-029409C3B182}.Release|x86.Build.0 = Release|Any CPU
		{FA4E04EF-0831-4FC2-BC2C-0F7599E69944}.Debug|Any CPU.ActiveCfg = Debug|Any CPU
		{FA4E04EF-0831-4FC2-BC2C-0F7599E69944}.Debug|Any CPU.Build.0 = Debug|Any CPU
		{FA4E04EF-0831-4FC2-BC2C-0F7599E69944}.Debug|x64.ActiveCfg = Debug|Any CPU
		{FA4E04EF-0831-4FC2-BC2C-0F7599E69944}.Debug|x64.Build.0 = Debug|Any CPU
		{FA4E04EF-0831-4FC2-BC2C-0F7599E69944}.Debug|x86.ActiveCfg = Debug|Any CPU
		{FA4E04EF-0831-4FC2-BC2C-0F7599E69944}.Debug|x86.Build.0 = Debug|Any CPU
		{FA4E04EF-0831-4FC2-BC2C-0F7599E69944}.Release|Any CPU.ActiveCfg = Release|Any CPU
		{FA4E04EF-0831-4FC2-BC2C-0F7599E69944}.Release|Any CPU.Build.0 = Release|Any CPU
		{FA4E04EF-0831-4FC2-BC2C-0F7599E69944}.Release|x64.ActiveCfg = Release|Any CPU
		{FA4E04EF-0831-4FC2-BC2C-0F7599E69944}.Release|x64.Build.0 = Release|Any CPU
		{FA4E04EF-0831-4FC2-BC2C-0F7599E69944}.Release|x86.ActiveCfg = Release|Any CPU
		{FA4E04EF-0831-4FC2-BC2C-0F7599E69944}.Release|x86.Build.0 = Release|Any CPU
		{58804030-F8F0-1572-5F1E-61C89DF911A8}.Debug|Any CPU.ActiveCfg = Debug|Any CPU
		{58804030-F8F0-1572-5F1E-61C89DF911A8}.Debug|Any CPU.Build.0 = Debug|Any CPU
		{58804030-F8F0-1572-5F1E-61C89DF911A8}.Debug|x64.ActiveCfg = Debug|Any CPU
		{58804030-F8F0-1572-5F1E-61C89DF911A8}.Debug|x64.Build.0 = Debug|Any CPU
		{58804030-F8F0-1572-5F1E-61C89DF911A8}.Debug|x86.ActiveCfg = Debug|Any CPU
		{58804030-F8F0-1572-5F1E-61C89DF911A8}.Debug|x86.Build.0 = Debug|Any CPU
		{58804030-F8F0-1572-5F1E-61C89DF911A8}.Release|Any CPU.ActiveCfg = Release|Any CPU
		{58804030-F8F0-1572-5F1E-61C89DF911A8}.Release|Any CPU.Build.0 = Release|Any CPU
		{58804030-F8F0-1572-5F1E-61C89DF911A8}.Release|x64.ActiveCfg = Release|Any CPU
		{58804030-F8F0-1572-5F1E-61C89DF911A8}.Release|x64.Build.0 = Release|Any CPU
		{58804030-F8F0-1572-5F1E-61C89DF911A8}.Release|x86.ActiveCfg = Release|Any CPU
		{58804030-F8F0-1572-5F1E-61C89DF911A8}.Release|x86.Build.0 = Release|Any CPU
		{C3C2D50F-F626-4333-859C-B6BD416678E2}.Debug|Any CPU.ActiveCfg = Debug|x64
		{C3C2D50F-F626-4333-859C-B6BD416678E2}.Debug|Any CPU.Build.0 = Debug|x64
		{C3C2D50F-F626-4333-859C-B6BD416678E2}.Debug|x64.ActiveCfg = Debug|Any CPU
		{C3C2D50F-F626-4333-859C-B6BD416678E2}.Debug|x64.Build.0 = Debug|Any CPU
		{C3C2D50F-F626-4333-859C-B6BD416678E2}.Debug|x86.ActiveCfg = Debug|Any CPU
		{C3C2D50F-F626-4333-859C-B6BD416678E2}.Debug|x86.Build.0 = Debug|Any CPU
		{C3C2D50F-F626-4333-859C-B6BD416678E2}.Release|Any CPU.ActiveCfg = Release|x64
		{C3C2D50F-F626-4333-859C-B6BD416678E2}.Release|Any CPU.Build.0 = Release|x64
		{C3C2D50F-F626-4333-859C-B6BD416678E2}.Release|x64.ActiveCfg = Release|Any CPU
		{C3C2D50F-F626-4333-859C-B6BD416678E2}.Release|x64.Build.0 = Release|Any CPU
		{C3C2D50F-F626-4333-859C-B6BD416678E2}.Release|x86.ActiveCfg = Release|Any CPU
		{C3C2D50F-F626-4333-859C-B6BD416678E2}.Release|x86.Build.0 = Release|Any CPU
		{3DA69665-C350-4D6C-BFF2-476F9F0E0A75}.Debug|Any CPU.ActiveCfg = Debug|Any CPU
		{3DA69665-C350-4D6C-BFF2-476F9F0E0A75}.Debug|Any CPU.Build.0 = Debug|Any CPU
		{3DA69665-C350-4D6C-BFF2-476F9F0E0A75}.Debug|x64.ActiveCfg = Debug|Any CPU
		{3DA69665-C350-4D6C-BFF2-476F9F0E0A75}.Debug|x64.Build.0 = Debug|Any CPU
		{3DA69665-C350-4D6C-BFF2-476F9F0E0A75}.Debug|x86.ActiveCfg = Debug|Any CPU
		{3DA69665-C350-4D6C-BFF2-476F9F0E0A75}.Debug|x86.Build.0 = Debug|Any CPU
		{3DA69665-C350-4D6C-BFF2-476F9F0E0A75}.Release|Any CPU.ActiveCfg = Release|Any CPU
		{3DA69665-C350-4D6C-BFF2-476F9F0E0A75}.Release|Any CPU.Build.0 = Release|Any CPU
		{3DA69665-C350-4D6C-BFF2-476F9F0E0A75}.Release|x64.ActiveCfg = Release|Any CPU
		{3DA69665-C350-4D6C-BFF2-476F9F0E0A75}.Release|x64.Build.0 = Release|Any CPU
		{3DA69665-C350-4D6C-BFF2-476F9F0E0A75}.Release|x86.ActiveCfg = Release|Any CPU
		{3DA69665-C350-4D6C-BFF2-476F9F0E0A75}.Release|x86.Build.0 = Release|Any CPU
	EndGlobalSection
	GlobalSection(SolutionProperties) = preSolution
		HideSolutionNode = FALSE
	EndGlobalSection
	GlobalSection(ExtensibilityGlobals) = postSolution
		SolutionGuid = {8F9216F7-2458-4723-A9E5-67542CAFA53F}
	EndGlobalSection
EndGlobal
